
Microsoft Visual Studio Solution File, Format Version 12.00
# Visual Studio Version 17
VisualStudioVersion = 17.3.32519.111
MinimumVisualStudioVersion = 10.0.40219.1
Project("{FAE04EC0-301F-11D3-BF4B-00C04F79EFBC}") = "Inventarsystem1", "Inventarsystem1\Inventarsystem1.csproj", "{B18017A6-0146-4B85-ABD5-9D2E06E7DAF9}"
EndProject
Global
	GlobalSection(SolutionConfigurationPlatforms) = preSolution
		Debug|Any CPU = Debug|Any CPU
		Release|Any CPU = Release|Any CPU
	EndGlobalSection
	GlobalSection(ProjectConfigurationPlatforms) = postSolution
		{B18017A6-0146-4B85-ABD5-9D2E06E7DAF9}.Debug|Any CPU.ActiveCfg = Debug|Any CPU
		{B18017A6-0146-4B85-ABD5-9D2E06E7DAF9}.Debug|Any CPU.Build.0 = Debug|Any CPU
		{B18017A6-0146-4B85-ABD5-9D2E06E7DAF9}.Release|Any CPU.ActiveCfg = Release|Any CPU
		{B18017A6-0146-4B85-ABD5-9D2E06E7DAF9}.Release|Any CPU.Build.0 = Release|Any CPU
	EndGlobalSection
	GlobalSection(SolutionProperties) = preSolution
		HideSolutionNode = FALSE
	EndGlobalSection
	GlobalSection(ExtensibilityGlobals) = postSolution
		SolutionGuid = {4414D7B3-EB14-47D3-B1D9-09794D8B0C37}
	EndGlobalSection
EndGlobal
